
Microsoft Visual Studio Solution File, Format Version 12.00
# Visual Studio 15
VisualStudioVersion = 15.0.28307.168
MinimumVisualStudioVersion = 10.0.40219.1
Project("{FAE04EC0-301F-11D3-BF4B-00C04F79EFBC}") = "WebStoreProject", "WebStoreProject\WebStoreProject.csproj", "{95582AC8-66B2-41FC-97DE-CC31062F3F38}"
EndProject
Global
	GlobalSection(SolutionConfigurationPlatforms) = preSolution
		Debug|Any CPU = Debug|Any CPU
		Release|Any CPU = Release|Any CPU
	EndGlobalSection
	GlobalSection(ProjectConfigurationPlatforms) = postSolution
		{95582AC8-66B2-41FC-97DE-CC31062F3F38}.Debug|Any CPU.ActiveCfg = Debug|Any CPU
		{95582AC8-66B2-41FC-97DE-CC31062F3F38}.Debug|Any CPU.Build.0 = Debug|Any CPU
		{95582AC8-66B2-41FC-97DE-CC31062F3F38}.Release|Any CPU.ActiveCfg = Release|Any CPU
		{95582AC8-66B2-41FC-97DE-CC31062F3F38}.Release|Any CPU.Build.0 = Release|Any CPU
	EndGlobalSection
	GlobalSection(SolutionProperties) = preSolution
		HideSolutionNode = FALSE
	EndGlobalSection
	GlobalSection(ExtensibilityGlobals) = postSolution
		SolutionGuid = {7A1411B8-B4DF-4B00-B6FB-579F72E20A29}
	EndGlobalSection
EndGlobal
